{
  "version": 2,
  "dependencies": {
    "net8.0": {
      "DotSwashbuckle.AspNetCore": {
        "type": "Direct",
        "requested": "[3.0.8, )",
        "resolved": "3.0.8",
        "contentHash": "vWceBqgaHNkgrjeAOF8WnK6lGXzQNHnPXP/hulI6c0TWDA7jHdhGglMzoEA9cHjoAZ67WWBMTfMNM+Y+mjSYEA==",
        "dependencies": {
          "DotSwashbuckle.AspNetCore.Swagger": "3.0.8",
          "DotSwashbuckle.AspNetCore.SwaggerGen": "3.0.8",
          "DotSwashbuckle.AspNetCore.SwaggerUI": "3.0.8",
          "Microsoft.Extensions.ApiDescription.Server": "8.0.1"
        }
      },
      "FSharp.Analyzers.Build": {
        "type": "Direct",
        "requested": "[0.3.0, )",
        "resolved": "0.3.0",
        "contentHash": "twj4mNJLOEjHK6OQJCAbix2d8ODG5RySASejQ/v2fLgoqyRqYsXmceFaXb17ZE1pNrfenjwv/xpR+GembufaZA=="
      },
      "FSharp.SystemTextJson": {
        "type": "Direct",
        "requested": "[1.2.42, )",
        "resolved": "1.2.42",
        "contentHash": "vE6Uix1P272NdHOVHRIByhEdATGa+eMpm+BcmxJymZnlPAnxsr0/fKJdnVAvi7XHuZy8WQUu7w1i8tkP3V2OBg==",
        "dependencies": {
          "FSharp.Core": "4.7.0",
          "System.Text.Json": "6.0.0"
        }
      },
      "FSharpPlus": {
        "type": "Direct",
        "requested": "[1.6.1, )",
        "resolved": "1.6.1",
        "contentHash": "HXBoyj7pHxEB5H1YgNBxaPz39ty+KvQFmWQ9AKDaWMtHNGO7r9FH+wq/KL8hz9oIJzG0gKniRUt78qi6WQk4gw==",
        "dependencies": {
          "FSharp.Core": "6.0.6"
        }
      },
      "FsHttp": {
        "type": "Direct",
        "requested": "[14.5.0, )",
        "resolved": "14.5.0",
        "contentHash": "4IntP699QAP8Na16kD+7DoKES5WtIlDgKUaPAU+IcvNW2Ut/LzjTVP1XUx532TlNygvwTbGv9DHOAZVcnNDIuw==",
        "dependencies": {
          "FSharp.Core": "5.0.2"
        }
      },
      "G-Research.FSharp.Analyzers": {
        "type": "Direct",
        "requested": "[0.9.3, )",
        "resolved": "0.9.3",
        "contentHash": "V83sHl7ubgQ9HLjxto/rZbgNKGMMpHZ+E6tmWm1JAGfpNUaYWnKdAkpdKxxooHmE/804pIAPuVTpna5xLeX1dw=="
      },
      "Ionide.Analyzers": {
        "type": "Direct",
        "requested": "[0.9.0, )",
        "resolved": "0.9.0",
        "contentHash": "yCJHdPHJef/Yl7iPED8lRoxPjM1HXx1tielT7lp40FxOKURiLGziyhxfZqbo4WTYVKdSxOJv3+s2+ArJYuirvg=="
      },
      "Microsoft.AspNetCore.OpenApi": {
        "type": "Direct",
        "requested": "[8.0.3, )",
        "resolved": "8.0.3",
        "contentHash": "mUq0UL+H7UtA3Jud/7/BC7n5W2c4zCvTFUa2hE2+/oQqATa4oGHb87ETON09SEWkcbBRTz3WM16kTE+zuoXq2A==",
        "dependencies": {
          "Microsoft.OpenApi": "1.4.3"
        }
      },
      "Microsoft.Extensions.Diagnostics.HealthChecks": {
        "type": "Direct",
        "requested": "[8.0.3, )",
        "resolved": "8.0.3",
        "contentHash": "2JeLbGtAr23TJg8gNyyyr7tPqmiWR8r2DkQr+Qux7q4swFNftBWYCI51eUCsaOPfEWBhpFtcUARCw5rFSgXG7w==",
        "dependencies": {
          "Microsoft.Extensions.Diagnostics.HealthChecks.Abstractions": "8.0.3",
          "Microsoft.Extensions.Hosting.Abstractions": "8.0.0",
          "Microsoft.Extensions.Logging.Abstractions": "8.0.1",
          "Microsoft.Extensions.Options": "8.0.2"
        }
      },
      "Microsoft.IO.RecyclableMemoryStream": {
        "type": "Direct",
        "requested": "[3.0.0, )",
        "resolved": "3.0.0",
        "contentHash": "irv0HuqoH8Ig5i2fO+8dmDNdFdsrO+DoQcedwIlb810qpZHBNQHZLW7C/AHBQDgLLpw2T96vmMAy/aE4Yj55Sg=="
      },
      "OpenTelemetry.Exporter.Prometheus.AspNetCore": {
        "type": "Direct",
        "requested": "[1.8.0-beta.1, )",
        "resolved": "1.8.0-beta.1",
        "contentHash": "tvwcbxZFH6R2yf6jrKHaWzRuKn/IHB2W5+kOhI1RO6XVb5vQeJhXWkfR15o8Kl48phsDVE85t1If75V1DPkzfg==",
        "dependencies": {
          "OpenTelemetry": "1.8.0-beta.1"
        }
      },
      "OpenTelemetry.Extensions.Hosting": {
        "type": "Direct",
        "requested": "[1.8.0-beta.1, )",
        "resolved": "1.8.0-beta.1",
        "contentHash": "j3JitiVoOtaiERzkJypIVIdyimQQkag/WqR+UsFOzZenhsCXaTKFc3rvm5MSYvbAcTvptYsgkzTZY89KQsK+fg==",
        "dependencies": {
          "Microsoft.Extensions.Hosting.Abstractions": "8.0.0",
          "OpenTelemetry": "1.8.0-beta.1"
        }
      },
      "Oxpecker": {
        "type": "Direct",
        "requested": "[0.9.0, )",
        "resolved": "0.9.0",
        "contentHash": "9wqA4KcOyioeEt9bOU4GraNsv0LFpEaXzu6M9b/VZHrdxi3/iWj5KDY63JuJX/AKSbF67nZUG2i4RUmS7KVlpg==",
        "dependencies": {
          "FSharp.Core": "8.0.200",
          "Microsoft.IO.RecyclableMemoryStream": "3.0.0",
          "Oxpecker.ViewEngine": "0.7.0"
        }
      },
      "Oxpecker.OpenApi": {
        "type": "Direct",
        "requested": "[0.1.0, )",
        "resolved": "0.1.0",
        "contentHash": "B0yoHsghAOEcuHm/bX5tuV6RITkg5XW96DTZzhgwEBCQZA79caXj3AaCimLdQewLlaQgQnr8qcshsQUUwjBgeA==",
        "dependencies": {
          "FSharp.Core": "8.0.200",
          "Microsoft.AspNetCore.OpenApi": "8.0.1",
          "Oxpecker": "0.9.0"
        }
      },
      "Serilog": {
        "type": "Direct",
        "requested": "[3.1.1, )",
        "resolved": "3.1.1",
        "contentHash": "P6G4/4Kt9bT635bhuwdXlJ2SCqqn2nhh4gqFqQueCOr9bK/e7W9ll/IoX1Ter948cV2Z/5+5v8pAfJYUISY03A=="
      },
      "Serilog.AspNetCore": {
        "type": "Direct",
        "requested": "[8.0.0, )",
        "resolved": "8.0.0",
        "contentHash": "FAjtKPZ4IzqFQBqZKPv6evcXK/F0ls7RoXI/62Pnx2igkDZ6nZ/jn/C/FxVATqQbEQvtqP+KViWYIe4NZIHa2w==",
        "dependencies": {
          "Microsoft.Extensions.DependencyInjection": "8.0.0",
          "Microsoft.Extensions.Logging": "8.0.0",
          "Serilog": "3.1.1",
          "Serilog.Extensions.Hosting": "8.0.0",
          "Serilog.Extensions.Logging": "8.0.0",
          "Serilog.Formatting.Compact": "2.0.0",
          "Serilog.Settings.Configuration": "8.0.0",
          "Serilog.Sinks.Console": "5.0.0",
          "Serilog.Sinks.Debug": "2.0.0",
          "Serilog.Sinks.File": "5.0.0"
        }
      },
      "Thoth.Json.Net": {
        "type": "Direct",
        "requested": "[11.0.0, )",
        "resolved": "11.0.0",
        "contentHash": "ugheFKMHRO3ReobCENha5J6uexPrp+Bn2d+WEcFbXaA77sNBWtTlx2StB+7lX8prMqdvO5uqlPeHlg+9dSpkNg==",
        "dependencies": {
          "FSharp.Core": "4.7.2",
          "Fable.Core": "3.1.6",
          "Newtonsoft.Json": "11.0.2"
        }
      },
      "DotSwashbuckle.AspNetCore.Swagger": {
        "type": "Transitive",
        "resolved": "3.0.8",
        "contentHash": "abHoqLHLtrmrgitYg4J+nDRtwI9OyIlm1wMmVYa1TY67FnrzJgCnLDHjbh8bDkeo/pXTmS6BCIkUypYI98zPNg==",
        "dependencies": {
          "Microsoft.OpenApi": "1.6.13"
        }
      },
      "DotSwashbuckle.AspNetCore.SwaggerGen": {
        "type": "Transitive",
        "resolved": "3.0.8",
        "contentHash": "eT44/vvZn+xvyAM7C/BBL+8cWIBu0+q4y/tiFeb/NpCXm7SmrgXz0/Q8mDf1EkCQ7vvG9NWVhn6PKkP9+VYmxg==",
        "dependencies": {
          "DotSwashbuckle.AspNetCore.Swagger": "3.0.8"
        }
      },
      "DotSwashbuckle.AspNetCore.SwaggerUI": {
        "type": "Transitive",
        "resolved": "3.0.8",
        "contentHash": "dvMRcXsCuu5Kt+fqoXS3Emr1AD81gcdeGxbLk+bUwJsK+IkLAlmbZDzpqV+jUFN+5Sei/2P3WVP1DjKQeVVjEg=="
      },
      "Microsoft.Extensions.ApiDescription.Server": {
        "type": "Transitive",
        "resolved": "8.0.1",
        "contentHash": "N9t6xNcYgjcsg9Lq2EQFwkDvhDJfJ7NJMSh4ZVJqjk5+8iXSdHPBZ0a5ZPff6uxf2/80XqXLo3/BdWX+hzmd/A=="
      },
      "Microsoft.Extensions.Configuration": {
        "type": "Transitive",
        "resolved": "8.0.0",
        "contentHash": "0J/9YNXTMWSZP2p2+nvl8p71zpSwokZXZuJW+VjdErkegAnFdO1XlqtA62SJtgVYHdKu3uPxJHcMR/r35HwFBA==",
        "dependencies": {
          "Microsoft.Extensions.Configuration.Abstractions": "8.0.0",
          "Microsoft.Extensions.Primitives": "8.0.0"
        }
      },
      "Microsoft.Extensions.Configuration.Abstractions": {
        "type": "Transitive",
        "resolved": "8.0.0",
        "contentHash": "3lE/iLSutpgX1CC0NOW70FJoGARRHbyKmG7dc0klnUZ9Dd9hS6N/POPWhKhMLCEuNN5nXEY5agmlFtH562vqhQ==",
        "dependencies": {
          "Microsoft.Extensions.Primitives": "8.0.0"
        }
      },
      "Microsoft.Extensions.Configuration.Binder": {
        "type": "Transitive",
        "resolved": "8.0.0",
        "contentHash": "mBMoXLsr5s1y2zOHWmKsE9veDcx8h1x/c3rz4baEdQKTeDcmQAPNbB54Pi/lhFO3K431eEq6PFbMgLaa6PHFfA==",
        "dependencies": {
          "Microsoft.Extensions.Configuration.Abstractions": "8.0.0"
        }
      },
      "Microsoft.Extensions.DependencyInjection": {
        "type": "Transitive",
        "resolved": "8.0.0",
        "contentHash": "V8S3bsm50ig6JSyrbcJJ8bW2b9QLGouz+G1miK3UTaOWmMtFwNNNzUf4AleyDWUmTrWMLNnFSLEQtxmxgNQnNQ==",
        "dependencies": {
          "Microsoft.Extensions.DependencyInjection.Abstractions": "8.0.0"
        }
      },
      "Microsoft.Extensions.DependencyInjection.Abstractions": {
        "type": "Transitive",
        "resolved": "8.0.1",
        "contentHash": "fGLiCRLMYd00JYpClraLjJTNKLmMJPnqxMaiRzEBIIvevlzxz33mXy39Lkd48hu1G+N21S7QpaO5ZzKsI6FRuA=="
      },
      "Microsoft.Extensions.DependencyModel": {
        "type": "Transitive",
        "resolved": "8.0.0",
        "contentHash": "NSmDw3K0ozNDgShSIpsZcbFIzBX4w28nDag+TfaQujkXGazBm+lid5onlWoCBy4VsLxqnnKjEBbGSJVWJMf43g==",
        "dependencies": {
          "System.Text.Encodings.Web": "8.0.0",
          "System.Text.Json": "8.0.0"
        }
      },
      "Microsoft.Extensions.Diagnostics.Abstractions": {
        "type": "Transitive",
        "resolved": "8.0.0",
        "contentHash": "JHYCQG7HmugNYUhOl368g+NMxYE/N/AiclCYRNlgCY9eVyiBkOHMwK4x60RYMxv9EL3+rmj1mqHvdCiPpC+D4Q==",
        "dependencies": {
          "Microsoft.Extensions.DependencyInjection.Abstractions": "8.0.0",
          "Microsoft.Extensions.Options": "8.0.0",
          "System.Diagnostics.DiagnosticSource": "8.0.0"
        }
      },
      "Microsoft.Extensions.Diagnostics.HealthChecks.Abstractions": {
        "type": "Transitive",
        "resolved": "8.0.3",
        "contentHash": "i6zNYroObuaOv+Su24xAWo4taYzHZ8wlhtCF5QmaEIt1NUnhSt8kAQ+H5sjJw7R3CA9ZMIxmJXzgL5EGrDDpBA=="
      },
      "Microsoft.Extensions.FileProviders.Abstractions": {
        "type": "Transitive",
        "resolved": "8.0.0",
        "contentHash": "ZbaMlhJlpisjuWbvXr4LdAst/1XxH3vZ6A0BsgTphZ2L4PGuxRLz7Jr/S7mkAAnOn78Vu0fKhEgNF5JO3zfjqQ==",
        "dependencies": {
          "Microsoft.Extensions.Primitives": "8.0.0"
        }
      },
      "Microsoft.Extensions.Hosting.Abstractions": {
        "type": "Transitive",
        "resolved": "8.0.0",
        "contentHash": "AG7HWwVRdCHlaA++1oKDxLsXIBxmDpMPb3VoyOoAghEWnkUvEAdYQUwnV4jJbAaa/nMYNiEh5ByoLauZBEiovg==",
        "dependencies": {
          "Microsoft.Extensions.Configuration.Abstractions": "8.0.0",
          "Microsoft.Extensions.DependencyInjection.Abstractions": "8.0.0",
          "Microsoft.Extensions.Diagnostics.Abstractions": "8.0.0",
          "Microsoft.Extensions.FileProviders.Abstractions": "8.0.0",
          "Microsoft.Extensions.Logging.Abstractions": "8.0.0"
        }
      },
      "Microsoft.Extensions.Logging": {
        "type": "Transitive",
        "resolved": "8.0.0",
        "contentHash": "tvRkov9tAJ3xP51LCv3FJ2zINmv1P8Hi8lhhtcKGqM+ImiTCC84uOPEI4z8Cdq2C3o9e+Aa0Gw0rmrsJD77W+w==",
        "dependencies": {
          "Microsoft.Extensions.DependencyInjection": "8.0.0",
          "Microsoft.Extensions.Logging.Abstractions": "8.0.0",
          "Microsoft.Extensions.Options": "8.0.0"
        }
      },
      "Microsoft.Extensions.Logging.Abstractions": {
        "type": "Transitive",
        "resolved": "8.0.1",
        "contentHash": "RIFgaqoaINxkM2KTOw72dmilDmTrYA0ns2KW4lDz4gZ2+o6IQ894CzmdL3StM2oh7QQq44nCWiqKqc4qUI9Jmg==",
        "dependencies": {
          "Microsoft.Extensions.DependencyInjection.Abstractions": "8.0.1"
        }
      },
      "Microsoft.Extensions.Logging.Configuration": {
        "type": "Transitive",
        "resolved": "8.0.0",
        "contentHash": "ixXXV0G/12g6MXK65TLngYN9V5hQQRuV+fZi882WIoVJT7h5JvoYoxTEwCgdqwLjSneqh1O+66gM8sMr9z/rsQ==",
        "dependencies": {
          "Microsoft.Extensions.Configuration": "8.0.0",
          "Microsoft.Extensions.Configuration.Abstractions": "8.0.0",
          "Microsoft.Extensions.Configuration.Binder": "8.0.0",
          "Microsoft.Extensions.DependencyInjection.Abstractions": "8.0.0",
          "Microsoft.Extensions.Logging": "8.0.0",
          "Microsoft.Extensions.Logging.Abstractions": "8.0.0",
          "Microsoft.Extensions.Options": "8.0.0",
          "Microsoft.Extensions.Options.ConfigurationExtensions": "8.0.0"
        }
      },
      "Microsoft.Extensions.ObjectPool": {
        "type": "Transitive",
        "resolved": "8.0.2",
        "contentHash": "LA7lDy048CVjGCwsPqRFVwH8vl5ooHmSFji13Oczw+mOnGhqenWXttkWcJ5dhIR0bhayZrQz4BaSPEVtE8Tt0A=="
      },
      "Microsoft.Extensions.Options": {
        "type": "Transitive",
        "resolved": "8.0.2",
        "contentHash": "dWGKvhFybsaZpGmzkGCbNNwBD1rVlWzrZKANLW/CcbFJpCEceMCGzT7zZwHOGBCbwM0SzBuceMj5HN1LKV1QqA==",
        "dependencies": {
          "Microsoft.Extensions.DependencyInjection.Abstractions": "8.0.0",
          "Microsoft.Extensions.Primitives": "8.0.0"
        }
      },
      "Microsoft.Extensions.Options.ConfigurationExtensions": {
        "type": "Transitive",
        "resolved": "8.0.0",
        "contentHash": "0f4DMRqEd50zQh+UyJc+/HiBsZ3vhAQALgdkcQEalSH1L2isdC7Yj54M3cyo5e+BeO5fcBQ7Dxly8XiBBcvRgw==",
        "dependencies": {
          "Microsoft.Extensions.Configuration.Abstractions": "8.0.0",
          "Microsoft.Extensions.Configuration.Binder": "8.0.0",
          "Microsoft.Extensions.DependencyInjection.Abstractions": "8.0.0",
          "Microsoft.Extensions.Options": "8.0.0",
          "Microsoft.Extensions.Primitives": "8.0.0"
        }
      },
      "Microsoft.Extensions.Primitives": {
        "type": "Transitive",
        "resolved": "8.0.0",
        "contentHash": "bXJEZrW9ny8vjMF1JV253WeLhpEVzFo1lyaZu1vQ4ZxWUlVvknZ/+ftFgVheLubb4eZPSwwxBeqS1JkCOjxd8g=="
      },
      "Microsoft.OpenApi": {
        "type": "Transitive",
        "resolved": "1.6.13",
        "contentHash": "ed1ecKcBp24032vhHBldXbpUJf11hO4+w7hj80RTDoRNA8eXtaunuK44WXauHZO95eYxTT1rWuOwByEXJ+vKQA=="
      },
      "Newtonsoft.Json": {
        "type": "Transitive",
        "resolved": "11.0.2",
        "contentHash": "IvJe1pj7JHEsP8B8J8DwlMEx8UInrs/x+9oVY+oCD13jpLu4JbJU2WCIsMRn5C4yW9+DgkaO8uiVE5VHKjpmdQ=="
      },
      "OpenTelemetry": {
        "type": "Transitive",
        "resolved": "1.8.0-beta.1",
        "contentHash": "kHmAW8OAk7CQhdIWUstwp3jT474nbC2y0ppx3KRVOvEc6k/sXyW0I4pwod3IwmhG45YxBK2D+d50D4BAF7J4ag==",
        "dependencies": {
          "Microsoft.Extensions.Diagnostics.Abstractions": "8.0.0",
          "Microsoft.Extensions.Logging.Configuration": "8.0.0",
          "OpenTelemetry.Api.ProviderBuilderExtensions": "1.8.0-beta.1"
        }
      },
      "OpenTelemetry.Api": {
        "type": "Transitive",
        "resolved": "1.8.0-beta.1",
        "contentHash": "AilaqGYnA0ix/iw4HLhxVhSepqq+gcw8FT/9pWZqtTSG3dN9ZpWUrqHP4DyWvGYLKK2M85JAe3hTq3NDZ0AL/g==",
        "dependencies": {
          "System.Diagnostics.DiagnosticSource": "8.0.0"
        }
      },
      "OpenTelemetry.Api.ProviderBuilderExtensions": {
        "type": "Transitive",
        "resolved": "1.8.0-beta.1",
        "contentHash": "QqDXIsXhbQ3Az519vZITmCqHpJaB0/4MuS49bykJLEOK3ncUfmdzTf0o/t+6ZsPWZ7RliJZtHoOFGbBuI1YbVQ==",
        "dependencies": {
          "Microsoft.Extensions.DependencyInjection.Abstractions": "8.0.0",
          "OpenTelemetry.Api": "1.8.0-beta.1"
        }
      },
      "Oxpecker.ViewEngine": {
        "type": "Transitive",
        "resolved": "0.7.0",
        "contentHash": "IfUfU9B/1Jdx6Eo89uQMPjEWr9OhrvFmo4NzSG7vkf9oHhDpTPRcX/uRpk2Azqfwrv0ogTaiQ7jv/HFi9iVBZQ==",
        "dependencies": {
          "FSharp.Core": "8.0.200",
          "Microsoft.Extensions.ObjectPool": "8.0.2"
        }
      },
      "Serilog.Extensions.Hosting": {
        "type": "Transitive",
        "resolved": "8.0.0",
        "contentHash": "db0OcbWeSCvYQkHWu6n0v40N4kKaTAXNjlM3BKvcbwvNzYphQFcBR+36eQ/7hMMwOkJvAyLC2a9/jNdUL5NjtQ==",
        "dependencies": {
          "Microsoft.Extensions.DependencyInjection.Abstractions": "8.0.0",
          "Microsoft.Extensions.Hosting.Abstractions": "8.0.0",
          "Microsoft.Extensions.Logging.Abstractions": "8.0.0",
          "Serilog": "3.1.1",
          "Serilog.Extensions.Logging": "8.0.0"
        }
      },
      "Serilog.Extensions.Logging": {
        "type": "Transitive",
        "resolved": "8.0.0",
        "contentHash": "YEAMWu1UnWgf1c1KP85l1SgXGfiVo0Rz6x08pCiPOIBt2Qe18tcZLvdBUuV5o1QHvrs8FAry9wTIhgBRtjIlEg==",
        "dependencies": {
          "Microsoft.Extensions.Logging": "8.0.0",
          "Serilog": "3.1.1"
        }
      },
      "Serilog.Formatting.Compact": {
        "type": "Transitive",
        "resolved": "2.0.0",
        "contentHash": "ob6z3ikzFM3D1xalhFuBIK1IOWf+XrQq+H4KeH4VqBcPpNcmUgZlRQ2h3Q7wvthpdZBBoY86qZOI2LCXNaLlNA==",
        "dependencies": {
          "Serilog": "3.1.0"
        }
      },
      "Serilog.Settings.Configuration": {
        "type": "Transitive",
        "resolved": "8.0.0",
        "contentHash": "nR0iL5HwKj5v6ULo3/zpP8NMcq9E2pxYA6XKTSWCbugVs4YqPyvaqaKOY+OMpPivKp7zMEpax2UKHnDodbRB0Q==",
        "dependencies": {
          "Microsoft.Extensions.Configuration.Binder": "8.0.0",
          "Microsoft.Extensions.DependencyModel": "8.0.0",
          "Serilog": "3.1.1"
        }
      },
      "Serilog.Sinks.Console": {
        "type": "Transitive",
        "resolved": "5.0.0",
        "contentHash": "IZ6bn79k+3SRXOBpwSOClUHikSkp2toGPCZ0teUkscv4dpDg9E2R2xVsNkLmwddE4OpNVO3N0xiYsAH556vN8Q==",
        "dependencies": {
          "Serilog": "3.1.0"
        }
      },
      "Serilog.Sinks.Debug": {
        "type": "Transitive",
        "resolved": "2.0.0",
        "contentHash": "Y6g3OBJ4JzTyyw16fDqtFcQ41qQAydnEvEqmXjhwhgjsnG/FaJ8GUqF5ldsC/bVkK8KYmqrPhDO+tm4dF6xx4A==",
        "dependencies": {
          "Serilog": "2.10.0"
        }
      },
      "Serilog.Sinks.File": {
        "type": "Transitive",
        "resolved": "5.0.0",
        "contentHash": "uwV5hdhWPwUH1szhO8PJpFiahqXmzPzJT/sOijH/kFgUx+cyoDTMM8MHD0adw9+Iem6itoibbUXHYslzXsLEAg==",
        "dependencies": {
          "Serilog": "2.10.0"
        }
      },
      "System.Diagnostics.DiagnosticSource": {
        "type": "Transitive",
        "resolved": "8.0.0",
        "contentHash": "c9xLpVz6PL9lp/djOWtk5KPDZq3cSYpmXoJQY524EOtuFl5z9ZtsotpsyrDW40U1DRnQSYvcPKEUV0X//u6gkQ=="
      },
      "System.Text.Encodings.Web": {
        "type": "Transitive",
        "resolved": "8.0.0",
        "contentHash": "yev/k9GHAEGx2Rg3/tU6MQh4HGBXJs70y7j1LaM1i/ER9po+6nnQ6RRqTJn1E7Xu0fbIFK80Nh5EoODxrbxwBQ=="
      },
      "System.Text.Json": {
        "type": "Transitive",
        "resolved": "8.0.0",
        "contentHash": "OdrZO2WjkiEG6ajEFRABTRCi/wuXQPxeV6g8xvUJqdxMvvuCCEk86zPla8UiIQJz3durtUEbNyY/3lIhS0yZvQ==",
        "dependencies": {
          "System.Text.Encodings.Web": "8.0.0"
        }
      },
      "Fable.Core": {
        "type": "CentralTransitive",
        "requested": "[4.3.0, )",
        "resolved": "3.1.6",
        "contentHash": "w6M1F0zoLk4kTFc1Lx6x1Ft6BD3QwRe0eaLiinAqbjVkcF+iK+NiXGJO+a6q9RAF9NCg0vI48Xku7aNeqG4JVw==",
        "dependencies": {
          "FSharp.Core": "4.7.1"
        }
      },
      "FSharp.Core": {
        "type": "CentralTransitive",
        "requested": "[8.0.201, )",
        "resolved": "8.0.200",
        "contentHash": "qnxoF3Fu0HzfOeYdrwmQOsLP1v+OtOMSIYkNVUwf6nGqWzL03Hh4r6VFCvCb54jlsgtt3WADVYkKkrgdeY5kiQ=="
      }
    }
  }
}